
Microsoft Visual Studio Solution File, Format Version 12.00
# Visual Studio 15
VisualStudioVersion = 15.0.26730.16
MinimumVisualStudioVersion = 10.0.40219.1
Project("{FAE04EC0-301F-11D3-BF4B-00C04F79EFBC}") = "CallOfDuty.Mvc", "CallOfDuty.Mvc\CallOfDuty.Mvc.csproj", "{D4A57BDB-9F99-40FF-A324-BA9E068E09F8}"
EndProject
Project("{FAE04EC0-301F-11D3-BF4B-00C04F79EFBC}") = "CallOfDuty.Lib", "CallOfDuty.Lib\CallOfDuty.Lib.csproj", "{9BDD96BF-1B9A-4F56-8D5F-A8AB664059F6}"
EndProject
Global
	GlobalSection(SolutionConfigurationPlatforms) = preSolution
		Debug|Any CPU = Debug|Any CPU
		Release|Any CPU = Release|Any CPU
	EndGlobalSection
	GlobalSection(ProjectConfigurationPlatforms) = postSolution
		{D4A57BDB-9F99-40FF-A324-BA9E068E09F8}.Debug|Any CPU.ActiveCfg = Debug|Any CPU
		{D4A57BDB-9F99-40FF-A324-BA9E068E09F8}.Debug|Any CPU.Build.0 = Debug|Any CPU
		{D4A57BDB-9F99-40FF-A324-BA9E068E09F8}.Release|Any CPU.ActiveCfg = Release|Any CPU
		{D4A57BDB-9F99-40FF-A324-BA9E068E09F8}.Release|Any CPU.Build.0 = Release|Any CPU
		{9BDD96BF-1B9A-4F56-8D5F-A8AB664059F6}.Debug|Any CPU.ActiveCfg = Debug|Any CPU
		{9BDD96BF-1B9A-4F56-8D5F-A8AB664059F6}.Debug|Any CPU.Build.0 = Debug|Any CPU
		{9BDD96BF-1B9A-4F56-8D5F-A8AB664059F6}.Release|Any CPU.ActiveCfg = Release|Any CPU
		{9BDD96BF-1B9A-4F56-8D5F-A8AB664059F6}.Release|Any CPU.Build.0 = Release|Any CPU
	EndGlobalSection
	GlobalSection(SolutionProperties) = preSolution
		HideSolutionNode = FALSE
	EndGlobalSection
	GlobalSection(ExtensibilityGlobals) = postSolution
		SolutionGuid = {5CE212B1-DA70-49AB-9A04-5DE7BD0185D8}
	EndGlobalSection
EndGlobal
